{
  "name": "Projeto-rifa",
  "lockfileVersion": 3,
  "requires": true,
  "packages": {
    "": {
      "dependencies": {
        "abacatepay": "^1.0.1"
      }
    },
    "node_modules/abacatepay": {
      "version": "1.0.1",
      "resolved": "https://registry.npmjs.org/abacatepay/-/abacatepay-1.0.1.tgz",
      "integrity": "sha512-IYXqgcyLaZgU2UUXURbaP/+Osn5Z2ZqW2dMErp+qRXhGEWh6yOEx/glx6LbOvonAbXW7U2X0sFkbRpqtE9r9bg==",
      "license": "ISC",
      "dependencies": {
        "commander": "^11.1.0"
      },
      "bin": {
        "abacatepay": "bin/cli.js"
      },
      "engines": {
        "node": ">=18.0.0"
      }
    },
    "node_modules/commander": {
      "version": "11.1.0",
      "resolved": "https://registry.npmjs.org/commander/-/commander-11.1.0.tgz",
      "integrity": "sha512-yPVavfyCcRhmorC7rWlkHn15b4wDVgVmBA7kV4QVBsF7kv/9TKJAbAXVTxvTnwP8HHKjRCJDClKbciiYS7p0DQ==",
      "license": "MIT",
      "engines": {
        "node": ">=16"
      }
    }
  }
}
